
Microsoft Visual Studio Solution File, Format Version 12.00
# Visual Studio 2013
VisualStudioVersion = 12.0.30723.0
MinimumVisualStudioVersion = 10.0.40219.1
Project("{FAE04EC0-301F-11D3-BF4B-00C04F79EFBC}") = "DesignPatterns", "DesignPatterns\DesignPatterns.csproj", "{83F34C52-A11C-4F98-85EB-48ABA13AE6E6}"
EndProject
Project("{FAE04EC0-301F-11D3-BF4B-00C04F79EFBC}") = "DesignPatterns.Tests", "DesignPatterns.Tests\DesignPatterns.Tests.csproj", "{F4D1A452-CD24-4EE2-932C-4685F5BBFAFB}"
EndProject
Project("{2150E333-8FDC-42A3-9474-1A3956D46DE8}") = ".nuget", ".nuget", "{4D46B009-9456-406B-ACAD-AFA2638B607B}"
	ProjectSection(SolutionItems) = preProject
		.nuget\packages.config = .nuget\packages.config
	EndProjectSection
EndProject
Global
	GlobalSection(TeamFoundationVersionControl) = preSolution
		SccNumberOfProjects = 3
		SccEnterpriseProvider = {4CA58AB2-18FA-4F8D-95D4-32DDF27D184C}
		SccTeamFoundationServer = http://aicpa-tfs:8080/tfs/defaultcollection
		SccLocalPath0 = .
		SccProjectUniqueName1 = DesignPatterns\\DesignPatterns.csproj
		SccProjectName1 = DesignPatterns
		SccLocalPath1 = DesignPatterns
		SccProjectUniqueName2 = DesignPatterns.Tests\\DesignPatterns.Tests.csproj
		SccProjectName2 = DesignPatterns.Tests
		SccLocalPath2 = DesignPatterns.Tests
	EndGlobalSection
	GlobalSection(SolutionConfigurationPlatforms) = preSolution
		Debug|Any CPU = Debug|Any CPU
		Release|Any CPU = Release|Any CPU
	EndGlobalSection
	GlobalSection(ProjectConfigurationPlatforms) = postSolution
		{83F34C52-A11C-4F98-85EB-48ABA13AE6E6}.Debug|Any CPU.ActiveCfg = Debug|Any CPU
		{83F34C52-A11C-4F98-85EB-48ABA13AE6E6}.Debug|Any CPU.Build.0 = Debug|Any CPU
		{83F34C52-A11C-4F98-85EB-48ABA13AE6E6}.Release|Any CPU.ActiveCfg = Release|Any CPU
		{83F34C52-A11C-4F98-85EB-48ABA13AE6E6}.Release|Any CPU.Build.0 = Release|Any CPU
		{F4D1A452-CD24-4EE2-932C-4685F5BBFAFB}.Debug|Any CPU.ActiveCfg = Debug|Any CPU
		{F4D1A452-CD24-4EE2-932C-4685F5BBFAFB}.Debug|Any CPU.Build.0 = Debug|Any CPU
		{F4D1A452-CD24-4EE2-932C-4685F5BBFAFB}.Release|Any CPU.ActiveCfg = Release|Any CPU
		{F4D1A452-CD24-4EE2-932C-4685F5BBFAFB}.Release|Any CPU.Build.0 = Release|Any CPU
	EndGlobalSection
	GlobalSection(SolutionProperties) = preSolution
		HideSolutionNode = FALSE
	EndGlobalSection
EndGlobal
